// !$*UTF8*$!
{
	archiveVersion = 1;
	classes = {
	};
	objectVersion = 50;
	objects = {

/* Begin PBXBuildFile section */
		D17981D825A349B7006060C6 /* AppDelegate.swift in Sources */ = {isa = PBXBuildFile; fileRef = D17981D725A349B7006060C6 /* AppDelegate.swift */; };
		D17981DA25A349B7006060C6 /* SceneDelegate.swift in Sources */ = {isa = PBXBuildFile; fileRef = D17981D925A349B7006060C6 /* SceneDelegate.swift */; };
		D17981DF25A349B7006060C6 /* Main.storyboard in Resources */ = {isa = PBXBuildFile; fileRef = D17981DD25A349B7006060C6 /* Main.storyboard */; };
		D17981E225A349B7006060C6 /* memoAppYongYong.xcdatamodeld in Sources */ = {isa = PBXBuildFile; fileRef = D17981E025A349B7006060C6 /* memoAppYongYong.xcdatamodeld */; };
		D17981E425A349BC006060C6 /* Assets.xcassets in Resources */ = {isa = PBXBuildFile; fileRef = D17981E325A349BC006060C6 /* Assets.xcassets */; };
		D17981E725A349BC006060C6 /* LaunchScreen.storyboard in Resources */ = {isa = PBXBuildFile; fileRef = D17981E525A349BC006060C6 /* LaunchScreen.storyboard */; };
		D17981F225A349BC006060C6 /* memoAppYongYongTests.swift in Sources */ = {isa = PBXBuildFile; fileRef = D17981F125A349BC006060C6 /* memoAppYongYongTests.swift */; };
		D17981FD25A349BD006060C6 /* memoAppYongYongUITests.swift in Sources */ = {isa = PBXBuildFile; fileRef = D17981FC25A349BC006060C6 /* memoAppYongYongUITests.swift */; };
/* End PBXBuildFile section */

/* Begin PBXContainerItemProxy section */
		D17981EE25A349BC006060C6 /* PBXContainerItemProxy */ = {
			isa = PBXContainerItemProxy;
			containerPortal = D17981CC25A349B7006060C6 /* Project object */;
			proxyType = 1;
			remoteGlobalIDString = D17981D325A349B7006060C6;
			remoteInfo = memoAppYongYong;
		};
		D17981F925A349BC006060C6 /* PBXContainerItemProxy */ = {
			isa = PBXContainerItemProxy;
			containerPortal = D17981CC25A349B7006060C6 /* Project object */;
			proxyType = 1;
			remoteGlobalIDString = D17981D325A349B7006060C6;
			remoteInfo = memoAppYongYong;
		};
/* End PBXContainerItemProxy section */

/* Begin PBXFileReference section */
		D17981D425A349B7006060C6 /* 용용메모.app */ = {isa = PBXFileReference; explicitFileType = wrapper.application; includeInIndex = 0; path = "용용메모.app"; sourceTree = BUILT_PRODUCTS_DIR; };
		D17981D725A349B7006060C6 /* AppDelegate.swift */ = {isa = PBXFileReference; lastKnownFileType = sourcecode.swift; path = AppDelegate.swift; sourceTree = "<group>"; };
		D17981D925A349B7006060C6 /* SceneDelegate.swift */ = {isa = PBXFileReference; lastKnownFileType = sourcecode.swift; path = SceneDelegate.swift; sourceTree = "<group>"; };
		D17981DE25A349B7006060C6 /* Base */ = {isa = PBXFileReference; lastKnownFileType = file.storyboard; name = Base; path = Base.lproj/Main.storyboard; sourceTree = "<group>"; };
		D17981E125A349B7006060C6 /* memoAppYongYong.xcdatamodel */ = {isa = PBXFileReference; lastKnownFileType = wrapper.xcdatamodel; path = memoAppYongYong.xcdatamodel; sourceTree = "<group>"; };
		D17981E325A349BC006060C6 /* Assets.xcassets */ = {isa = PBXFileReference; lastKnownFileType = folder.assetcatalog; path = Assets.xcassets; sourceTree = "<group>"; };
		D17981E625A349BC006060C6 /* Base */ = {isa = PBXFileReference; lastKnownFileType = file.storyboard; name = Base; path = Base.lproj/LaunchScreen.storyboard; sourceTree = "<group>"; };
		D17981E825A349BC006060C6 /* Info.plist */ = {isa = PBXFileReference; lastKnownFileType = text.plist.xml; path = Info.plist; sourceTree = "<group>"; };
		D17981ED25A349BC006060C6 /* memoAppYongYongTests.xctest */ = {isa = PBXFileReference; explicitFileType = wrapper.cfbundle; includeInIndex = 0; path = memoAppYongYongTests.xctest; sourceTree = BUILT_PRODUCTS_DIR; };
		D17981F125A349BC006060C6 /* memoAppYongYongTests.swift */ = {isa = PBXFileReference; lastKnownFileType = sourcecode.swift; path = memoAppYongYongTests.swift; sourceTree = "<group>"; };
		D17981F325A349BC006060C6 /* Info.plist */ = {isa = PBXFileReference; lastKnownFileType = text.plist.xml; path = Info.plist; sourceTree = "<group>"; };
		D17981F825A349BC006060C6 /* memoAppYongYongUITests.xctest */ = {isa = PBXFileReference; explicitFileType = wrapper.cfbundle; includeInIndex = 0; path = memoAppYongYongUITests.xctest; sourceTree = BUILT_PRODUCTS_DIR; };
		D17981FC25A349BC006060C6 /* memoAppYongYongUITests.swift */ = {isa = PBXFileReference; lastKnownFileType = sourcecode.swift; path = memoAppYongYongUITests.swift; sourceTree = "<group>"; };
		D17981FE25A349BD006060C6 /* Info.plist */ = {isa = PBXFileReference; lastKnownFileType = text.plist.xml; path = Info.plist; sourceTree = "<group>"; };
/* End PBXFileReference section */

/* Begin PBXFrameworksBuildPhase section */
		D17981D125A349B7006060C6 /* Frameworks */ = {
			isa = PBXFrameworksBuildPhase;
			buildActionMask = 2147483647;
			files = (
			);
			runOnlyForDeploymentPostprocessing = 0;
		};
		D17981EA25A349BC006060C6 /* Frameworks */ = {
			isa = PBXFrameworksBuildPhase;
			buildActionMask = 2147483647;
			files = (
			);
			runOnlyForDeploymentPostprocessing = 0;
		};
		D17981F525A349BC006060C6 /* Frameworks */ = {
			isa = PBXFrameworksBuildPhase;
			buildActionMask = 2147483647;
			files = (
			);
			runOnlyForDeploymentPostprocessing = 0;
		};
/* End PBXFrameworksBuildPhase section */

/* Begin PBXGroup section */
		D17981CB25A349B7006060C6 = {
			isa = PBXGroup;
			children = (
				D17981D625A349B7006060C6 /* memoAppYongYong */,
				D17981F025A349BC006060C6 /* memoAppYongYongTests */,
				D17981FB25A349BC006060C6 /* memoAppYongYongUITests */,
				D17981D525A349B7006060C6 /* Products */,
			);
			sourceTree = "<group>";
		};
		D17981D525A349B7006060C6 /* Products */ = {
			isa = PBXGroup;
			children = (
				D17981D425A349B7006060C6 /* 용용메모.app */,
				D17981ED25A349BC006060C6 /* memoAppYongYongTests.xctest */,
				D17981F825A349BC006060C6 /* memoAppYongYongUITests.xctest */,
			);
			name = Products;
			sourceTree = "<group>";
		};
		D17981D625A349B7006060C6 /* memoAppYongYong */ = {
			isa = PBXGroup;
			children = (
				D17981D725A349B7006060C6 /* AppDelegate.swift */,
				D17981D925A349B7006060C6 /* SceneDelegate.swift */,
				D17981DD25A349B7006060C6 /* Main.storyboard */,
				D17981E325A349BC006060C6 /* Assets.xcassets */,
				D17981E525A349BC006060C6 /* LaunchScreen.storyboard */,
				D17981E825A349BC006060C6 /* Info.plist */,
				D17981E025A349B7006060C6 /* memoAppYongYong.xcdatamodeld */,
			);
			path = memoAppYongYong;
			sourceTree = "<group>";
		};
		D17981F025A349BC006060C6 /* memoAppYongYongTests */ = {
			isa = PBXGroup;
			children = (
				D17981F125A349BC006060C6 /* memoAppYongYongTests.swift */,
				D17981F325A349BC006060C6 /* Info.plist */,
			);
			path = memoAppYongYongTests;
			sourceTree = "<group>";
		};
		D17981FB25A349BC006060C6 /* memoAppYongYongUITests */ = {
			isa = PBXGroup;
			children = (
				D17981FC25A349BC006060C6 /* memoAppYongYongUITests.swift */,
				D17981FE25A349BD006060C6 /* Info.plist */,
			);
			path = memoAppYongYongUITests;
			sourceTree = "<group>";
		};
/* End PBXGroup section */

/* Begin PBXNativeTarget section */
		D17981D325A349B7006060C6 /* memoAppYongYong */ = {
			isa = PBXNativeTarget;
			buildConfigurationList = D179820125A349BD006060C6 /* Build configuration list for PBXNativeTarget "memoAppYongYong" */;
			buildPhases = (
				D17981D025A349B7006060C6 /* Sources */,
				D17981D125A349B7006060C6 /* Frameworks */,
				D17981D225A349B7006060C6 /* Resources */,
			);
			buildRules = (
			);
			dependencies = (
			);
			name = memoAppYongYong;
			productName = memoAppYongYong;
			productReference = D17981D425A349B7006060C6 /* 용용메모.app */;
			productType = "com.apple.product-type.application";
		};
		D17981EC25A349BC006060C6 /* memoAppYongYongTests */ = {
			isa = PBXNativeTarget;
			buildConfigurationList = D179820425A349BD006060C6 /* Build configuration list for PBXNativeTarget "memoAppYongYongTests" */;
			buildPhases = (
				D17981E925A349BC006060C6 /* Sources */,
				D17981EA25A349BC006060C6 /* Frameworks */,
				D17981EB25A349BC006060C6 /* Resources */,
			);
			buildRules = (
			);
			dependencies = (
				D17981EF25A349BC006060C6 /* PBXTargetDependency */,
			);
			name = memoAppYongYongTests;
			productName = memoAppYongYongTests;
			productReference = D17981ED25A349BC006060C6 /* memoAppYongYongTests.xctest */;
			productType = "com.apple.product-type.bundle.unit-test";
		};
		D17981F725A349BC006060C6 /* memoAppYongYongUITests */ = {
			isa = PBXNativeTarget;
			buildConfigurationList = D179820725A349BD006060C6 /* Build configuration list for PBXNativeTarget "memoAppYongYongUITests" */;
			buildPhases = (
				D17981F425A349BC006060C6 /* Sources */,
				D17981F525A349BC006060C6 /* Frameworks */,
				D17981F625A349BC006060C6 /* Resources */,
			);
			buildRules = (
			);
			dependencies = (
				D17981FA25A349BC006060C6 /* PBXTargetDependency */,
			);
			name = memoAppYongYongUITests;
			productName = memoAppYongYongUITests;
			productReference = D17981F825A349BC006060C6 /* memoAppYongYongUITests.xctest */;
			productType = "com.apple.product-type.bundle.ui-testing";
		};
/* End PBXNativeTarget section */

/* Begin PBXProject section */
		D17981CC25A349B7006060C6 /* Project object */ = {
			isa = PBXProject;
			attributes = {
				KnownAssetTags = (
					New,
				);
				LastSwiftUpdateCheck = 1160;
				LastUpgradeCheck = 1160;
				ORGANIZATIONNAME = "권용진";
				TargetAttributes = {
					D17981D325A349B7006060C6 = {
						CreatedOnToolsVersion = 11.6;
					};
					D17981EC25A349BC006060C6 = {
						CreatedOnToolsVersion = 11.6;
						TestTargetID = D17981D325A349B7006060C6;
					};
					D17981F725A349BC006060C6 = {
						CreatedOnToolsVersion = 11.6;
						TestTargetID = D17981D325A349B7006060C6;
					};
				};
			};
			buildConfigurationList = D17981CF25A349B7006060C6 /* Build configuration list for PBXProject "memoAppYongYong" */;
			compatibilityVersion = "Xcode 9.3";
			developmentRegion = en;
			hasScannedForEncodings = 0;
			knownRegions = (
				en,
				Base,
			);
			mainGroup = D17981CB25A349B7006060C6;
			productRefGroup = D17981D525A349B7006060C6 /* Products */;
			projectDirPath = "";
			projectRoot = "";
			targets = (
				D17981D325A349B7006060C6 /* memoAppYongYong */,
				D17981EC25A349BC006060C6 /* memoAppYongYongTests */,
				D17981F725A349BC006060C6 /* memoAppYongYongUITests */,
			);
		};
/* End PBXProject section */

/* Begin PBXResourcesBuildPhase section */
		D17981D225A349B7006060C6 /* Resources */ = {
			isa = PBXResourcesBuildPhase;
			buildActionMask = 2147483647;
			files = (
				D17981E725A349BC006060C6 /* LaunchScreen.storyboard in Resources */,
				D17981E425A349BC006060C6 /* Assets.xcassets in Resources */,
				D17981DF25A349B7006060C6 /* Main.storyboard in Resources */,
			);
			runOnlyForDeploymentPostprocessing = 0;
		};
		D17981EB25A349BC006060C6 /* Resources */ = {
			isa = PBXResourcesBuildPhase;
			buildActionMask = 2147483647;
			files = (
			);
			runOnlyForDeploymentPostprocessing = 0;
		};
		D17981F625A349BC006060C6 /* Resources */ = {
			isa = PBXResourcesBuildPhase;
			buildActionMask = 2147483647;
			files = (
			);
			runOnlyForDeploymentPostprocessing = 0;
		};
/* End PBXResourcesBuildPhase section */

/* Begin PBXSourcesBuildPhase section */
		D17981D025A349B7006060C6 /* Sources */ = {
			isa = PBXSourcesBuildPhase;
			buildActionMask = 2147483647;
			files = (
				D17981E225A349B7006060C6 /* memoAppYongYong.xcdatamodeld in Sources */,
				D17981D825A349B7006060C6 /* AppDelegate.swift in Sources */,
				D17981DA25A349B7006060C6 /* SceneDelegate.swift in Sources */,
			);
			runOnlyForDeploymentPostprocessing = 0;
		};
		D17981E925A349BC006060C6 /* Sources */ = {
			isa = PBXSourcesBuildPhase;
			buildActionMask = 2147483647;
			files = (
				D17981F225A349BC006060C6 /* memoAppYongYongTests.swift in Sources */,
			);
			runOnlyForDeploymentPostprocessing = 0;
		};
		D17981F425A349BC006060C6 /* Sources */ = {
			isa = PBXSourcesBuildPhase;
			buildActionMask = 2147483647;
			files = (
				D17981FD25A349BD006060C6 /* memoAppYongYongUITests.swift in Sources */,
			);
			runOnlyForDeploymentPostprocessing = 0;
		};
/* End PBXSourcesBuildPhase section */

/* Begin PBXTargetDependency section */
		D17981EF25A349BC006060C6 /* PBXTargetDependency */ = {
			isa = PBXTargetDependency;
			target = D17981D325A349B7006060C6 /* memoAppYongYong */;
			targetProxy = D17981EE25A349BC006060C6 /* PBXContainerItemProxy */;
		};
		D17981FA25A349BC006060C6 /* PBXTargetDependency */ = {
			isa = PBXTargetDependency;
			target = D17981D325A349B7006060C6 /* memoAppYongYong */;
			targetProxy = D17981F925A349BC006060C6 /* PBXContainerItemProxy */;
		};
/* End PBXTargetDependency section */

/* Begin PBXVariantGroup section */
		D17981DD25A349B7006060C6 /* Main.storyboard */ = {
			isa = PBXVariantGroup;
			children = (
				D17981DE25A349B7006060C6 /* Base */,
			);
			name = Main.storyboard;
			sourceTree = "<group>";
		};
		D17981E525A349BC006060C6 /* LaunchScreen.storyboard */ = {
			isa = PBXVariantGroup;
			children = (
				D17981E625A349BC006060C6 /* Base */,
			);
			name = LaunchScreen.storyboard;
			sourceTree = "<group>";
		};
/* End PBXVariantGroup section */

/* Begin XCBuildConfiguration section */
		D17981FF25A349BD006060C6 /* Debug */ = {
			isa = XCBuildConfiguration;
			buildSettings = {
				ALWAYS_SEARCH_USER_PATHS = NO;
				CLANG_ANALYZER_NONNULL = YES;
				CLANG_ANALYZER_NUMBER_OBJECT_CONVERSION = YES_AGGRESSIVE;
				CLANG_CXX_LANGUAGE_STANDARD = "gnu++14";
				CLANG_CXX_LIBRARY = "libc++";
				CLANG_ENABLE_MODULES = YES;
				CLANG_ENABLE_OBJC_ARC = YES;
				CLANG_ENABLE_OBJC_WEAK = YES;
				CLANG_WARN_BLOCK_CAPTURE_AUTORELEASING = YES;
				CLANG_WARN_BOOL_CONVERSION = YES;
				CLANG_WARN_COMMA = YES;
				CLANG_WARN_CONSTANT_CONVERSION = YES;
				CLANG_WARN_DEPRECATED_OBJC_IMPLEMENTATIONS = YES;
				CLANG_WARN_DIRECT_OBJC_ISA_USAGE = YES_ERROR;
				CLANG_WARN_DOCUMENTATION_COMMENTS = YES;
				CLANG_WARN_EMPTY_BODY = YES;
				CLANG_WARN_ENUM_CONVERSION = YES;
				CLANG_WARN_INFINITE_RECURSION = YES;
				CLANG_WARN_INT_CONVERSION = YES;
				CLANG_WARN_NON_LITERAL_NULL_CONVERSION = YES;
				CLANG_WARN_OBJC_IMPLICIT_RETAIN_SELF = YES;
				CLANG_WARN_OBJC_LITERAL_CONVERSION = YES;
				CLANG_WARN_OBJC_ROOT_CLASS = YES_ERROR;
				CLANG_WARN_RANGE_LOOP_ANALYSIS = YES;
				CLANG_WARN_STRICT_PROTOTYPES = YES;
				CLANG_WARN_SUSPICIOUS_MOVE = YES;
				CLANG_WARN_UNGUARDED_AVAILABILITY = YES_AGGRESSIVE;
				CLANG_WARN_UNREACHABLE_CODE = YES;
				CLANG_WARN__DUPLICATE_METHOD_MATCH = YES;
				COPY_PHASE_STRIP = NO;
				DEBUG_INFORMATION_FORMAT = dwarf;
				ENABLE_STRICT_OBJC_MSGSEND = YES;
				ENABLE_TESTABILITY = YES;
				GCC_C_LANGUAGE_STANDARD = gnu11;
				GCC_DYNAMIC_NO_PIC = NO;
				GCC_NO_COMMON_BLOCKS = YES;
				GCC_OPTIMIZATION_LEVEL = 0;
				GCC_PREPROCESSOR_DEFINITIONS = (
					"DEBUG=1",
					"$(inherited)",
				);
				GCC_WARN_64_TO_32_BIT_CONVERSION = YES;
				GCC_WARN_ABOUT_RETURN_TYPE = YES_ERROR;
				GCC_WARN_UNDECLARED_SELECTOR = YES;
				GCC_WARN_UNINITIALIZED_AUTOS = YES_AGGRESSIVE;
				GCC_WARN_UNUSED_FUNCTION = YES;
				GCC_WARN_UNUSED_VARIABLE = YES;
				IPHONEOS_DEPLOYMENT_TARGET = 13.6;
				MTL_ENABLE_DEBUG_INFO = INCLUDE_SOURCE;
				MTL_FAST_MATH = YES;
				ONLY_ACTIVE_ARCH = YES;
				SDKROOT = iphoneos;
				SWIFT_ACTIVE_COMPILATION_CONDITIONS = DEBUG;
				SWIFT_OPTIMIZATION_LEVEL = "-Onone";
			};
			name = Debug;
		};
		D179820025A349BD006060C6 /* Release */ = {
			isa = XCBuildConfiguration;
			buildSettings = {
				ALWAYS_SEARCH_USER_PATHS = NO;
				CLANG_ANALYZER_NONNULL = YES;
				CLANG_ANALYZER_NUMBER_OBJECT_CONVERSION = YES_AGGRESSIVE;
				CLANG_CXX_LANGUAGE_STANDARD = "gnu++14";
				CLANG_CXX_LIBRARY = "libc++";
				CLANG_ENABLE_MODULES = YES;
				CLANG_ENABLE_OBJC_ARC = YES;
				CLANG_ENABLE_OBJC_WEAK = YES;
				CLANG_WARN_BLOCK_CAPTURE_AUTORELEASING = YES;
				CLANG_WARN_BOOL_CONVERSION = YES;
				CLANG_WARN_COMMA = YES;
				CLANG_WARN_CONSTANT_CONVERSION = YES;
				CLANG_WARN_DEPRECATED_OBJC_IMPLEMENTATIONS = YES;
				CLANG_WARN_DIRECT_OBJC_ISA_USAGE = YES_ERROR;
				CLANG_WARN_DOCUMENTATION_COMMENTS = YES;
				CLANG_WARN_EMPTY_BODY = YES;
				CLANG_WARN_ENUM_CONVERSION = YES;
				CLANG_WARN_INFINITE_RECURSION = YES;
				CLANG_WARN_INT_CONVERSION = YES;
				CLANG_WARN_NON_LITERAL_NULL_CONVERSION = YES;
				CLANG_WARN_OBJC_IMPLICIT_RETAIN_SELF = YES;
				CLANG_WARN_OBJC_LITERAL_CONVERSION = YES;
				CLANG_WARN_OBJC_ROOT_CLASS = YES_ERROR;
				CLANG_WARN_RANGE_LOOP_ANALYSIS = YES;
				CLANG_WARN_STRICT_PROTOTYPES = YES;
				CLANG_WARN_SUSPICIOUS_MOVE = YES;
				CLANG_WARN_UNGUARDED_AVAILABILITY = YES_AGGRESSIVE;
				CLANG_WARN_UNREACHABLE_CODE = YES;
				CLANG_WARN__DUPLICATE_METHOD_MATCH = YES;
				COPY_PHASE_STRIP = NO;
				DEBUG_INFORMATION_FORMAT = "dwarf-with-dsym";
				ENABLE_NS_ASSERTIONS = NO;
				ENABLE_STRICT_OBJC_MSGSEND = YES;
				GCC_C_LANGUAGE_STANDARD = gnu11;
				GCC_NO_COMMON_BLOCKS = YES;
				GCC_WARN_64_TO_32_BIT_CONVERSION = YES;
				GCC_WARN_ABOUT_RETURN_TYPE = YES_ERROR;
				GCC_WARN_UNDECLARED_SELECTOR = YES;
				GCC_WARN_UNINITIALIZED_AUTOS = YES_AGGRESSIVE;
				GCC_WARN_UNUSED_FUNCTION = YES;
				GCC_WARN_UNUSED_VARIABLE = YES;
				IPHONEOS_DEPLOYMENT_TARGET = 13.6;
				MTL_ENABLE_DEBUG_INFO = NO;
				MTL_FAST_MATH = YES;
				SDKROOT = iphoneos;
				SWIFT_COMPILATION_MODE = wholemodule;
				SWIFT_OPTIMIZATION_LEVEL = "-O";
				VALIDATE_PRODUCT = YES;
			};
			name = Release;
		};
		D179820225A349BD006060C6 /* Debug */ = {
			isa = XCBuildConfiguration;
			buildSettings = {
				ASSETCATALOG_COMPILER_APPICON_NAME = AppIcon;
				CODE_SIGN_STYLE = Automatic;
				DEVELOPMENT_TEAM = 5G8G88XUHG;
				INFOPLIST_FILE = memoAppYongYong/Info.plist;
				IPHONEOS_DEPLOYMENT_TARGET = 13.0;
				LD_RUNPATH_SEARCH_PATHS = (
					"$(inherited)",
					"@executable_path/Frameworks",
				);
				PRODUCT_BUNDLE_IDENTIFIER = com.yongyong.memoAppYongYong;
				PRODUCT_NAME = "용용메모";
				SWIFT_VERSION = 5.0;
				TARGETED_DEVICE_FAMILY = 1;
			};
			name = Debug;
		};
		D179820325A349BD006060C6 /* Release */ = {
			isa = XCBuildConfiguration;
			buildSettings = {
				ASSETCATALOG_COMPILER_APPICON_NAME = AppIcon;
				CODE_SIGN_STYLE = Automatic;
				DEVELOPMENT_TEAM = 5G8G88XUHG;
				INFOPLIST_FILE = memoAppYongYong/Info.plist;
				IPHONEOS_DEPLOYMENT_TARGET = 13.0;
				LD_RUNPATH_SEARCH_PATHS = (
					"$(inherited)",
					"@executable_path/Frameworks",
				);
				PRODUCT_BUNDLE_IDENTIFIER = com.yongyong.memoAppYongYong;
				PRODUCT_NAME = "용용메모";
				SWIFT_VERSION = 5.0;
				TARGETED_DEVICE_FAMILY = 1;
			};
			name = Release;
		};
		D179820525A349BD006060C6 /* Debug */ = {
			isa = XCBuildConfiguration;
			buildSettings = {
				ALWAYS_EMBED_SWIFT_STANDARD_LIBRARIES = YES;
				BUNDLE_LOADER = "$(TEST_HOST)";
				CODE_SIGN_STYLE = Automatic;
				DEVELOPMENT_TEAM = 5G8G88XUHG;
				INFOPLIST_FILE = memoAppYongYongTests/Info.plist;
				IPHONEOS_DEPLOYMENT_TARGET = 13.6;
				LD_RUNPATH_SEARCH_PATHS = (
					"$(inherited)",
					"@executable_path/Frameworks",
					"@loader_path/Frameworks",
				);
				PRODUCT_BUNDLE_IDENTIFIER = com.yongyong.memoAppYongYongTests;
				PRODUCT_NAME = "$(TARGET_NAME)";
				SWIFT_VERSION = 5.0;
				TARGETED_DEVICE_FAMILY = "1,2";
				TEST_HOST = "$(BUILT_PRODUCTS_DIR)/memoAppYongYong.app/memoAppYongYong";
			};
			name = Debug;
		};
		D179820625A349BD006060C6 /* Release */ = {
			isa = XCBuildConfiguration;
			buildSettings = {
				ALWAYS_EMBED_SWIFT_STANDARD_LIBRARIES = YES;
				BUNDLE_LOADER = "$(TEST_HOST)";
				CODE_SIGN_STYLE = Automatic;
				DEVELOPMENT_TEAM = 5G8G88XUHG;
				INFOPLIST_FILE = memoAppYongYongTests/Info.plist;
				IPHONEOS_DEPLOYMENT_TARGET = 13.6;
				LD_RUNPATH_SEARCH_PATHS = (
					"$(inherited)",
					"@executable_path/Frameworks",
					"@loader_path/Frameworks",
				);
				PRODUCT_BUNDLE_IDENTIFIER = com.yongyong.memoAppYongYongTests;
				PRODUCT_NAME = "$(TARGET_NAME)";
				SWIFT_VERSION = 5.0;
				TARGETED_DEVICE_FAMILY = "1,2";
				TEST_HOST = "$(BUILT_PRODUCTS_DIR)/memoAppYongYong.app/memoAppYongYong";
			};
			name = Release;
		};
		D179820825A349BD006060C6 /* Debug */ = {
			isa = XCBuildConfiguration;
			buildSettings = {
				ALWAYS_EMBED_SWIFT_STANDARD_LIBRARIES = YES;
				CODE_SIGN_STYLE = Automatic;
				DEVELOPMENT_TEAM = 5G8G88XUHG;
				INFOPLIST_FILE = memoAppYongYongUITests/Info.plist;
				LD_RUNPATH_SEARCH_PATHS = (
					"$(inherited)",
					"@executable_path/Frameworks",
					"@loader_path/Frameworks",
				);
				PRODUCT_BUNDLE_IDENTIFIER = com.yongyong.memoAppYongYongUITests;
				PRODUCT_NAME = "$(TARGET_NAME)";
				SWIFT_VERSION = 5.0;
				TARGETED_DEVICE_FAMILY = "1,2";
				TEST_TARGET_NAME = memoAppYongYong;
			};
			name = Debug;
		};
		D179820925A349BD006060C6 /* Release */ = {
			isa = XCBuildConfiguration;
			buildSettings = {
				ALWAYS_EMBED_SWIFT_STANDARD_LIBRARIES = YES;
				CODE_SIGN_STYLE = Automatic;
				DEVELOPMENT_TEAM = 5G8G88XUHG;
				INFOPLIST_FILE = memoAppYongYongUITests/Info.plist;
				LD_RUNPATH_SEARCH_PATHS = (
					"$(inherited)",
					"@executable_path/Frameworks",
					"@loader_path/Frameworks",
				);
				PRODUCT_BUNDLE_IDENTIFIER = com.yongyong.memoAppYongYongUITests;
				PRODUCT_NAME = "$(TARGET_NAME)";
				SWIFT_VERSION = 5.0;
				TARGETED_DEVICE_FAMILY = "1,2";
				TEST_TARGET_NAME = memoAppYongYong;
			};
			name = Release;
		};
/* End XCBuildConfiguration section */

/* Begin XCConfigurationList section */
		D17981CF25A349B7006060C6 /* Build configuration list for PBXProject "memoAppYongYong" */ = {
			isa = XCConfigurationList;
			buildConfigurations = (
				D17981FF25A349BD006060C6 /* Debug */,
				D179820025A349BD006060C6 /* Release */,
			);
			defaultConfigurationIsVisible = 0;
			defaultConfigurationName = Release;
		};
		D179820125A349BD006060C6 /* Build configuration list for PBXNativeTarget "memoAppYongYong" */ = {
			isa = XCConfigurationList;
			buildConfigurations = (
				D179820225A349BD006060C6 /* Debug */,
				D179820325A349BD006060C6 /* Release */,
			);
			defaultConfigurationIsVisible = 0;
			defaultConfigurationName = Release;
		};
		D179820425A349BD006060C6 /* Build configuration list for PBXNativeTarget "memoAppYongYongTests" */ = {
			isa = XCConfigurationList;
			buildConfigurations = (
				D179820525A349BD006060C6 /* Debug */,
				D179820625A349BD006060C6 /* Release */,
			);
			defaultConfigurationIsVisible = 0;
			defaultConfigurationName = Release;
		};
		D179820725A349BD006060C6 /* Build configuration list for PBXNativeTarget "memoAppYongYongUITests" */ = {
			isa = XCConfigurationList;
			buildConfigurations = (
				D179820825A349BD006060C6 /* Debug */,
				D179820925A349BD006060C6 /* Release */,
			);
			defaultConfigurationIsVisible = 0;
			defaultConfigurationName = Release;
		};
/* End XCConfigurationList section */

/* Begin XCVersionGroup section */
		D17981E025A349B7006060C6 /* memoAppYongYong.xcdatamodeld */ = {
			isa = XCVersionGroup;
			children = (
				D17981E125A349B7006060C6 /* memoAppYongYong.xcdatamodel */,
			);
			currentVersion = D17981E125A349B7006060C6 /* memoAppYongYong.xcdatamodel */;
			path = memoAppYongYong.xcdatamodeld;
			sourceTree = "<group>";
			versionGroupType = wrapper.xcdatamodel;
		};
/* End XCVersionGroup section */
	};
	rootObject = D17981CC25A349B7006060C6 /* Project object */;
}
